github.com/bregydoc/gtranslate v0.0.0-20200913051839-1bd07f6c1fc5 h1:fpVDaadW68V+6vqxJHU9jrW0/z1i2MQYJZyk9w2cjpw=
github.com/bregydoc/gtranslate v0.0.0-20200913051839-1bd07f6c1fc5/go.mod h1:153ZQv0q0e2+tPGhDsQsYTRlVRTWIYMicEvriLNX2ZY=
github.com/robertkrimen/otto v0.2.1 h1:FVP0PJ0AHIjC+N4pKCG9yCDz6LHNPCwi/GKID5pGGF0=
github.com/robertkrimen/otto v0.2.1/go.mod h1:UPwtJ1Xu7JrLcZjNWN8orJaM5n5YEtqL//farB5FlRY=
golang.org/x/text v0.6.0 h1:3XmdazWV+ubf7QgHSTWeykHOci5oeekaGJBLkrkaw4k=
golang.org/x/text v0.6.0/go.mod h1:mrYo+phRRbMaCq/xk9113O4dZlRixOauAjOtrjsXDZ8=
gopkg.in/sourcemap.v1 v1.0.5 h1:inv58fC9f9J3TK2Y2R1NPntXEn3/wjWHkonhIUODNTI=
gopkg.in/sourcemap.v1 v1.0.5/go.mod h1:2RlvNNSMglmRrcvhfuzp4hQHwOtjxlbjX7UPY/GXb78=
